
Microsoft Visual Studio Solution File, Format Version 12.00
# Visual Studio Version 16
VisualStudioVersion = 16.0.31025.194
MinimumVisualStudioVersion = 10.0.40219.1
Project("{E24C65DC-7377-472B-9ABA-BC803B73C61A}") = "DevProviderUmbraco_8_14_Yuvraj", ".", "{5F7F5952-6FCC-4F0A-8E72-05C0DE26DF3E}"
	ProjectSection(WebsiteProperties) = preProject
		TargetFrameworkMoniker = ".NETFramework,Version%3Dv4.7.2"
		Debug.AspNetCompiler.VirtualPath = "/localhost_63218"
		Debug.AspNetCompiler.PhysicalPath = "..\DevProviderUmbraco_8_14_Yuvraj\"
		Debug.AspNetCompiler.TargetPath = "PrecompiledWeb\localhost_63218\"
		Debug.AspNetCompiler.Updateable = "true"
		Debug.AspNetCompiler.ForceOverwrite = "true"
		Debug.AspNetCompiler.FixedNames = "false"
		Debug.AspNetCompiler.Debug = "True"
		Release.AspNetCompiler.VirtualPath = "/localhost_63218"
		Release.AspNetCompiler.PhysicalPath = "..\DevProviderUmbraco_8_14_Yuvraj\"
		Release.AspNetCompiler.TargetPath = "PrecompiledWeb\localhost_63218\"
		Release.AspNetCompiler.Updateable = "true"
		Release.AspNetCompiler.ForceOverwrite = "true"
		Release.AspNetCompiler.FixedNames = "false"
		Release.AspNetCompiler.Debug = "False"
		VWDPort = "63218"
		SlnRelativePath = "..\DevProviderUmbraco_8_14_Yuvraj\"
	EndProjectSection
EndProject
Global
	GlobalSection(SolutionConfigurationPlatforms) = preSolution
		Debug|Any CPU = Debug|Any CPU
	EndGlobalSection
	GlobalSection(ProjectConfigurationPlatforms) = postSolution
		{5F7F5952-6FCC-4F0A-8E72-05C0DE26DF3E}.Debug|Any CPU.ActiveCfg = Debug|Any CPU
		{5F7F5952-6FCC-4F0A-8E72-05C0DE26DF3E}.Debug|Any CPU.Build.0 = Debug|Any CPU
	EndGlobalSection
	GlobalSection(SolutionProperties) = preSolution
		HideSolutionNode = FALSE
	EndGlobalSection
	GlobalSection(ExtensibilityGlobals) = postSolution
		SolutionGuid = {56031DA7-E103-4E49-AEA3-847FCA9A61DE}
	EndGlobalSection
EndGlobal
